
Microsoft Visual Studio Solution File, Format Version 12.00
# Visual Studio 15
VisualStudioVersion = 15.0.26730.12
MinimumVisualStudioVersion = 10.0.40219.1
Project("{FAE04EC0-301F-11D3-BF4B-00C04F79EFBC}") = "Era.Synth.Control.Panel", "Era.Synth.Panel\Era.Synth.Control.Panel.csproj", "{FE10F139-FB42-49BE-9876-ED7399C57C3B}"
EndProject
Global
	GlobalSection(SolutionConfigurationPlatforms) = preSolution
		Debug|Any CPU = Debug|Any CPU
		Debug|ARM = Debug|ARM
		Debug|x64 = Debug|x64
		Debug|x86 = Debug|x86
		Release|Any CPU = Release|Any CPU
		Release|ARM = Release|ARM
		Release|x64 = Release|x64
		Release|x86 = Release|x86
	EndGlobalSection
	GlobalSection(ProjectConfigurationPlatforms) = postSolution
		{FE10F139-FB42-49BE-9876-ED7399C57C3B}.Debug|Any CPU.ActiveCfg = Debug|Any CPU
		{FE10F139-FB42-49BE-9876-ED7399C57C3B}.Debug|Any CPU.Build.0 = Debug|Any CPU
		{FE10F139-FB42-49BE-9876-ED7399C57C3B}.Debug|ARM.ActiveCfg = Debug|Any CPU
		{FE10F139-FB42-49BE-9876-ED7399C57C3B}.Debug|ARM.Build.0 = Debug|Any CPU
		{FE10F139-FB42-49BE-9876-ED7399C57C3B}.Debug|x64.ActiveCfg = Debug|Any CPU
		{FE10F139-FB42-49BE-9876-ED7399C57C3B}.Debug|x64.Build.0 = Debug|Any CPU
		{FE10F139-FB42-49BE-9876-ED7399C57C3B}.Debug|x86.ActiveCfg = Debug|Any CPU
		{FE10F139-FB42-49BE-9876-ED7399C57C3B}.Debug|x86.Build.0 = Debug|Any CPU
		{FE10F139-FB42-49BE-9876-ED7399C57C3B}.Release|Any CPU.ActiveCfg = Release|Any CPU
		{FE10F139-FB42-49BE-9876-ED7399C57C3B}.Release|Any CPU.Build.0 = Release|Any CPU
		{FE10F139-FB42-49BE-9876-ED7399C57C3B}.Release|ARM.ActiveCfg = Release|Any CPU
		{FE10F139-FB42-49BE-9876-ED7399C57C3B}.Release|ARM.Build.0 = Release|Any CPU
		{FE10F139-FB42-49BE-9876-ED7399C57C3B}.Release|x64.ActiveCfg = Release|Any CPU
		{FE10F139-FB42-49BE-9876-ED7399C57C3B}.Release|x64.Build.0 = Release|Any CPU
		{FE10F139-FB42-49BE-9876-ED7399C57C3B}.Release|x86.ActiveCfg = Release|Any CPU
		{FE10F139-FB42-49BE-9876-ED7399C57C3B}.Release|x86.Build.0 = Release|Any CPU
	EndGlobalSection
	GlobalSection(SolutionProperties) = preSolution
		HideSolutionNode = FALSE
	EndGlobalSection
	GlobalSection(ExtensibilityGlobals) = postSolution
		SolutionGuid = {3E171060-F923-4425-9FB4-70E6526E4837}
	EndGlobalSection
EndGlobal
